
Microsoft Visual Studio Solution File, Format Version 12.00
# Visual Studio Version 16
VisualStudioVersion = 16.0.31624.102
MinimumVisualStudioVersion = 10.0.40219.1
Project("{FAE04EC0-301F-11D3-BF4B-00C04F79EFBC}") = "Activity2", "Activity2\Activity2.csproj", "{583A162F-9CD2-44AE-8027-184F1B324A9A}"
EndProject
Global
	GlobalSection(SolutionConfigurationPlatforms) = preSolution
		Debug|Any CPU = Debug|Any CPU
		Release|Any CPU = Release|Any CPU
	EndGlobalSection
	GlobalSection(ProjectConfigurationPlatforms) = postSolution
		{583A162F-9CD2-44AE-8027-184F1B324A9A}.Debug|Any CPU.ActiveCfg = Debug|Any CPU
		{583A162F-9CD2-44AE-8027-184F1B324A9A}.Debug|Any CPU.Build.0 = Debug|Any CPU
		{583A162F-9CD2-44AE-8027-184F1B324A9A}.Release|Any CPU.ActiveCfg = Release|Any CPU
		{583A162F-9CD2-44AE-8027-184F1B324A9A}.Release|Any CPU.Build.0 = Release|Any CPU
	EndGlobalSection
	GlobalSection(SolutionProperties) = preSolution
		HideSolutionNode = FALSE
	EndGlobalSection
	GlobalSection(ExtensibilityGlobals) = postSolution
		SolutionGuid = {A43EFE66-5B24-4889-9E03-608F76F0B77B}
	EndGlobalSection
EndGlobal
